# This file is automatically @generated by Cargo.
# It is not intended for manual editing.
version = 3

[[package]]
name = "cli-scg"
version = "0.1.0"
dependencies = [
 "common-scg",
]

[[package]]
name = "common-scg"
version = "0.1.0"

[[package]]
name = "secure-card-game"
version = "0.1.0"
dependencies = [
 "cli-scg",
 "common-scg",
]
